// !$*UTF8*$!
{
	archiveVersion = 1;
	classes = {
	};
	objectVersion = 55;
	objects = {

/* Begin PBXBuildFile section */
		B111C40E289ECBE000F0D0DD /* AppDelegate.swift in Sources */ = {isa = PBXBuildFile; fileRef = B111C40D289ECBE000F0D0DD /* AppDelegate.swift */; };
		B111C410289ECBE000F0D0DD /* SceneDelegate.swift in Sources */ = {isa = PBXBuildFile; fileRef = B111C40F289ECBE000F0D0DD /* SceneDelegate.swift */; };
		B111C412289ECBE000F0D0DD /* HomeViewController.swift in Sources */ = {isa = PBXBuildFile; fileRef = B111C411289ECBE000F0D0DD /* HomeViewController.swift */; };
		B111C415289ECBE000F0D0DD /* Main.storyboard in Resources */ = {isa = PBXBuildFile; fileRef = B111C413289ECBE000F0D0DD /* Main.storyboard */; };
		B111C417289ECBE100F0D0DD /* Assets.xcassets in Resources */ = {isa = PBXBuildFile; fileRef = B111C416289ECBE100F0D0DD /* Assets.xcassets */; };
		B111C41A289ECBE100F0D0DD /* LaunchScreen.storyboard in Resources */ = {isa = PBXBuildFile; fileRef = B111C418289ECBE100F0D0DD /* LaunchScreen.storyboard */; };
		B15C3E8428A0124300684784 /* SelectedViewController.swift in Sources */ = {isa = PBXBuildFile; fileRef = B15C3E8328A0124300684784 /* SelectedViewController.swift */; };
		B15C3E8628A0164500684784 /* RangeSlider.swift in Sources */ = {isa = PBXBuildFile; fileRef = B15C3E8528A0164500684784 /* RangeSlider.swift */; };
/* End PBXBuildFile section */

/* Begin PBXFileReference section */
		B111C40A289ECBDF00F0D0DD /* Asif_Mimi_Rabbi_Video_Treamer.app */ = {isa = PBXFileReference; explicitFileType = wrapper.application; includeInIndex = 0; path = Asif_Mimi_Rabbi_Video_Treamer.app; sourceTree = BUILT_PRODUCTS_DIR; };
		B111C40D289ECBE000F0D0DD /* AppDelegate.swift */ = {isa = PBXFileReference; lastKnownFileType = sourcecode.swift; path = AppDelegate.swift; sourceTree = "<group>"; };
		B111C40F289ECBE000F0D0DD /* SceneDelegate.swift */ = {isa = PBXFileReference; lastKnownFileType = sourcecode.swift; path = SceneDelegate.swift; sourceTree = "<group>"; };
		B111C411289ECBE000F0D0DD /* HomeViewController.swift */ = {isa = PBXFileReference; lastKnownFileType = sourcecode.swift; path = HomeViewController.swift; sourceTree = "<group>"; };
		B111C414289ECBE000F0D0DD /* Base */ = {isa = PBXFileReference; lastKnownFileType = file.storyboard; name = Base; path = Base.lproj/Main.storyboard; sourceTree = "<group>"; };
		B111C416289ECBE100F0D0DD /* Assets.xcassets */ = {isa = PBXFileReference; lastKnownFileType = folder.assetcatalog; path = Assets.xcassets; sourceTree = "<group>"; };
		B111C419289ECBE100F0D0DD /* Base */ = {isa = PBXFileReference; lastKnownFileType = file.storyboard; name = Base; path = Base.lproj/LaunchScreen.storyboard; sourceTree = "<group>"; };
		B111C41B289ECBE100F0D0DD /* Info.plist */ = {isa = PBXFileReference; lastKnownFileType = text.plist.xml; path = Info.plist; sourceTree = "<group>"; };
		B15C3E8328A0124300684784 /* SelectedViewController.swift */ = {isa = PBXFileReference; lastKnownFileType = sourcecode.swift; path = SelectedViewController.swift; sourceTree = "<group>"; };
		B15C3E8528A0164500684784 /* RangeSlider.swift */ = {isa = PBXFileReference; fileEncoding = 4; lastKnownFileType = sourcecode.swift; path = RangeSlider.swift; sourceTree = "<group>"; };
/* End PBXFileReference section */

/* Begin PBXFrameworksBuildPhase section */
		B111C407289ECBDF00F0D0DD /* Frameworks */ = {
			isa = PBXFrameworksBuildPhase;
			buildActionMask = 2147483647;
			files = (
			);
			runOnlyForDeploymentPostprocessing = 0;
		};
/* End PBXFrameworksBuildPhase section */

/* Begin PBXGroup section */
		B111C401289ECBDF00F0D0DD = {
			isa = PBXGroup;
			children = (
				B111C40C289ECBDF00F0D0DD /* Asif_Mimi_Rabbi_Video_Treamer */,
				B111C40B289ECBDF00F0D0DD /* Products */,
			);
			sourceTree = "<group>";
		};
		B111C40B289ECBDF00F0D0DD /* Products */ = {
			isa = PBXGroup;
			children = (
				B111C40A289ECBDF00F0D0DD /* Asif_Mimi_Rabbi_Video_Treamer.app */,
			);
			name = Products;
			sourceTree = "<group>";
		};
		B111C40C289ECBDF00F0D0DD /* Asif_Mimi_Rabbi_Video_Treamer */ = {
			isa = PBXGroup;
			children = (
				B15C3E8028A011FE00684784 /* Delegates */,
				B15C3E7F28A011D000684784 /* UI */,
				B15C3E7E28A011AF00684784 /* StoryBoards */,
				B111C416289ECBE100F0D0DD /* Assets.xcassets */,
				B111C41B289ECBE100F0D0DD /* Info.plist */,
				B15C3E8528A0164500684784 /* RangeSlider.swift */,
			);
			path = Asif_Mimi_Rabbi_Video_Treamer;
			sourceTree = "<group>";
		};
		B15C3E7E28A011AF00684784 /* StoryBoards */ = {
			isa = PBXGroup;
			children = (
				B111C413289ECBE000F0D0DD /* Main.storyboard */,
				B111C418289ECBE100F0D0DD /* LaunchScreen.storyboard */,
			);
			path = StoryBoards;
			sourceTree = "<group>";
		};
		B15C3E7F28A011D000684784 /* UI */ = {
			isa = PBXGroup;
			children = (
				B15C3E8228A0122500684784 /* selectedViewController */,
				B15C3E8128A0121600684784 /* homeViewController */,
			);
			path = UI;
			sourceTree = "<group>";
		};
		B15C3E8028A011FE00684784 /* Delegates */ = {
			isa = PBXGroup;
			children = (
				B111C40D289ECBE000F0D0DD /* AppDelegate.swift */,
				B111C40F289ECBE000F0D0DD /* SceneDelegate.swift */,
			);
			path = Delegates;
			sourceTree = "<group>";
		};
		B15C3E8128A0121600684784 /* homeViewController */ = {
			isa = PBXGroup;
			children = (
				B111C411289ECBE000F0D0DD /* HomeViewController.swift */,
			);
			path = homeViewController;
			sourceTree = "<group>";
		};
		B15C3E8228A0122500684784 /* selectedViewController */ = {
			isa = PBXGroup;
			children = (
				B15C3E8328A0124300684784 /* SelectedViewController.swift */,
			);
			path = selectedViewController;
			sourceTree = "<group>";
		};
/* End PBXGroup section */

/* Begin PBXNativeTarget section */
		B111C409289ECBDF00F0D0DD /* Asif_Mimi_Rabbi_Video_Treamer */ = {
			isa = PBXNativeTarget;
			buildConfigurationList = B111C41E289ECBE100F0D0DD /* Build configuration list for PBXNativeTarget "Asif_Mimi_Rabbi_Video_Treamer" */;
			buildPhases = (
				B111C406289ECBDF00F0D0DD /* Sources */,
				B111C407289ECBDF00F0D0DD /* Frameworks */,
				B111C408289ECBDF00F0D0DD /* Resources */,
			);
			buildRules = (
			);
			dependencies = (
			);
			name = Asif_Mimi_Rabbi_Video_Treamer;
			productName = Asif_Mimi_Rabbi_Video_Treamer;
			productReference = B111C40A289ECBDF00F0D0DD /* Asif_Mimi_Rabbi_Video_Treamer.app */;
			productType = "com.apple.product-type.application";
		};
/* End PBXNativeTarget section */

/* Begin PBXProject section */
		B111C402289ECBDF00F0D0DD /* Project object */ = {
			isa = PBXProject;
			attributes = {
				BuildIndependentTargetsInParallel = 1;
				LastSwiftUpdateCheck = 1320;
				LastUpgradeCheck = 1320;
				TargetAttributes = {
					B111C409289ECBDF00F0D0DD = {
						CreatedOnToolsVersion = 13.2.1;
					};
				};
			};
			buildConfigurationList = B111C405289ECBDF00F0D0DD /* Build configuration list for PBXProject "Asif_Mimi_Rabbi_Video_Treamer" */;
			compatibilityVersion = "Xcode 13.0";
			developmentRegion = en;
			hasScannedForEncodings = 0;
			knownRegions = (
				en,
				Base,
			);
			mainGroup = B111C401289ECBDF00F0D0DD;
			productRefGroup = B111C40B289ECBDF00F0D0DD /* Products */;
			projectDirPath = "";
			projectRoot = "";
			targets = (
				B111C409289ECBDF00F0D0DD /* Asif_Mimi_Rabbi_Video_Treamer */,
			);
		};
/* End PBXProject section */

/* Begin PBXResourcesBuildPhase section */
		B111C408289ECBDF00F0D0DD /* Resources */ = {
			isa = PBXResourcesBuildPhase;
			buildActionMask = 2147483647;
			files = (
				B111C41A289ECBE100F0D0DD /* LaunchScreen.storyboard in Resources */,
				B111C417289ECBE100F0D0DD /* Assets.xcassets in Resources */,
				B111C415289ECBE000F0D0DD /* Main.storyboard in Resources */,
			);
			runOnlyForDeploymentPostprocessing = 0;
		};
/* End PBXResourcesBuildPhase section */

/* Begin PBXSourcesBuildPhase section */
		B111C406289ECBDF00F0D0DD /* Sources */ = {
			isa = PBXSourcesBuildPhase;
			buildActionMask = 2147483647;
			files = (
				B111C412289ECBE000F0D0DD /* HomeViewController.swift in Sources */,
				B15C3E8628A0164500684784 /* RangeSlider.swift in Sources */,
				B111C40E289ECBE000F0D0DD /* AppDelegate.swift in Sources */,
				B111C410289ECBE000F0D0DD /* SceneDelegate.swift in Sources */,
				B15C3E8428A0124300684784 /* SelectedViewController.swift in Sources */,
			);
			runOnlyForDeploymentPostprocessing = 0;
		};
/* End PBXSourcesBuildPhase section */

/* Begin PBXVariantGroup section */
		B111C413289ECBE000F0D0DD /* Main.storyboard */ = {
			isa = PBXVariantGroup;
			children = (
				B111C414289ECBE000F0D0DD /* Base */,
			);
			name = Main.storyboard;
			sourceTree = "<group>";
		};
		B111C418289ECBE100F0D0DD /* LaunchScreen.storyboard */ = {
			isa = PBXVariantGroup;
			children = (
				B111C419289ECBE100F0D0DD /* Base */,
			);
			name = LaunchScreen.storyboard;
			sourceTree = "<group>";
		};
/* End PBXVariantGroup section */

/* Begin XCBuildConfiguration section */
		B111C41C289ECBE100F0D0DD /* Debug */ = {
			isa = XCBuildConfiguration;
			buildSettings = {
				ALWAYS_SEARCH_USER_PATHS = NO;
				CLANG_ANALYZER_NONNULL = YES;
				CLANG_ANALYZER_NUMBER_OBJECT_CONVERSION = YES_AGGRESSIVE;
				CLANG_CXX_LANGUAGE_STANDARD = "gnu++17";
				CLANG_CXX_LIBRARY = "libc++";
				CLANG_ENABLE_MODULES = YES;
				CLANG_ENABLE_OBJC_ARC = YES;
				CLANG_ENABLE_OBJC_WEAK = YES;
				CLANG_WARN_BLOCK_CAPTURE_AUTORELEASING = YES;
				CLANG_WARN_BOOL_CONVERSION = YES;
				CLANG_WARN_COMMA = YES;
				CLANG_WARN_CONSTANT_CONVERSION = YES;
				CLANG_WARN_DEPRECATED_OBJC_IMPLEMENTATIONS = YES;
				CLANG_WARN_DIRECT_OBJC_ISA_USAGE = YES_ERROR;
				CLANG_WARN_DOCUMENTATION_COMMENTS = YES;
				CLANG_WARN_EMPTY_BODY = YES;
				CLANG_WARN_ENUM_CONVERSION = YES;
				CLANG_WARN_INFINITE_RECURSION = YES;
				CLANG_WARN_INT_CONVERSION = YES;
				CLANG_WARN_NON_LITERAL_NULL_CONVERSION = YES;
				CLANG_WARN_OBJC_IMPLICIT_RETAIN_SELF = YES;
				CLANG_WARN_OBJC_LITERAL_CONVERSION = YES;
				CLANG_WARN_OBJC_ROOT_CLASS = YES_ERROR;
				CLANG_WARN_QUOTED_INCLUDE_IN_FRAMEWORK_HEADER = YES;
				CLANG_WARN_RANGE_LOOP_ANALYSIS = YES;
				CLANG_WARN_STRICT_PROTOTYPES = YES;
				CLANG_WARN_SUSPICIOUS_MOVE = YES;
				CLANG_WARN_UNGUARDED_AVAILABILITY = YES_AGGRESSIVE;
				CLANG_WARN_UNREACHABLE_CODE = YES;
				CLANG_WARN__DUPLICATE_METHOD_MATCH = YES;
				COPY_PHASE_STRIP = NO;
				DEBUG_INFORMATION_FORMAT = dwarf;
				ENABLE_STRICT_OBJC_MSGSEND = YES;
				ENABLE_TESTABILITY = YES;
				GCC_C_LANGUAGE_STANDARD = gnu11;
				GCC_DYNAMIC_NO_PIC = NO;
				GCC_NO_COMMON_BLOCKS = YES;
				GCC_OPTIMIZATION_LEVEL = 0;
				GCC_PREPROCESSOR_DEFINITIONS = (
					"DEBUG=1",
					"$(inherited)",
				);
				GCC_WARN_64_TO_32_BIT_CONVERSION = YES;
				GCC_WARN_ABOUT_RETURN_TYPE = YES_ERROR;
				GCC_WARN_UNDECLARED_SELECTOR = YES;
				GCC_WARN_UNINITIALIZED_AUTOS = YES_AGGRESSIVE;
				GCC_WARN_UNUSED_FUNCTION = YES;
				GCC_WARN_UNUSED_VARIABLE = YES;
				IPHONEOS_DEPLOYMENT_TARGET = 15.2;
				MTL_ENABLE_DEBUG_INFO = INCLUDE_SOURCE;
				MTL_FAST_MATH = YES;
				ONLY_ACTIVE_ARCH = YES;
				SDKROOT = iphoneos;
				SWIFT_ACTIVE_COMPILATION_CONDITIONS = DEBUG;
				SWIFT_OPTIMIZATION_LEVEL = "-Onone";
			};
			name = Debug;
		};
		B111C41D289ECBE100F0D0DD /* Release */ = {
			isa = XCBuildConfiguration;
			buildSettings = {
				ALWAYS_SEARCH_USER_PATHS = NO;
				CLANG_ANALYZER_NONNULL = YES;
				CLANG_ANALYZER_NUMBER_OBJECT_CONVERSION = YES_AGGRESSIVE;
				CLANG_CXX_LANGUAGE_STANDARD = "gnu++17";
				CLANG_CXX_LIBRARY = "libc++";
				CLANG_ENABLE_MODULES = YES;
				CLANG_ENABLE_OBJC_ARC = YES;
				CLANG_ENABLE_OBJC_WEAK = YES;
				CLANG_WARN_BLOCK_CAPTURE_AUTORELEASING = YES;
				CLANG_WARN_BOOL_CONVERSION = YES;
				CLANG_WARN_COMMA = YES;
				CLANG_WARN_CONSTANT_CONVERSION = YES;
				CLANG_WARN_DEPRECATED_OBJC_IMPLEMENTATIONS = YES;
				CLANG_WARN_DIRECT_OBJC_ISA_USAGE = YES_ERROR;
				CLANG_WARN_DOCUMENTATION_COMMENTS = YES;
				CLANG_WARN_EMPTY_BODY = YES;
				CLANG_WARN_ENUM_CONVERSION = YES;
				CLANG_WARN_INFINITE_RECURSION = YES;
				CLANG_WARN_INT_CONVERSION = YES;
				CLANG_WARN_NON_LITERAL_NULL_CONVERSION = YES;
				CLANG_WARN_OBJC_IMPLICIT_RETAIN_SELF = YES;
				CLANG_WARN_OBJC_LITERAL_CONVERSION = YES;
				CLANG_WARN_OBJC_ROOT_CLASS = YES_ERROR;
				CLANG_WARN_QUOTED_INCLUDE_IN_FRAMEWORK_HEADER = YES;
				CLANG_WARN_RANGE_LOOP_ANALYSIS = YES;
				CLANG_WARN_STRICT_PROTOTYPES = YES;
				CLANG_WARN_SUSPICIOUS_MOVE = YES;
				CLANG_WARN_UNGUARDED_AVAILABILITY = YES_AGGRESSIVE;
				CLANG_WARN_UNREACHABLE_CODE = YES;
				CLANG_WARN__DUPLICATE_METHOD_MATCH = YES;
				COPY_PHASE_STRIP = NO;
				DEBUG_INFORMATION_FORMAT = "dwarf-with-dsym";
				ENABLE_NS_ASSERTIONS = NO;
				ENABLE_STRICT_OBJC_MSGSEND = YES;
				GCC_C_LANGUAGE_STANDARD = gnu11;
				GCC_NO_COMMON_BLOCKS = YES;
				GCC_WARN_64_TO_32_BIT_CONVERSION = YES;
				GCC_WARN_ABOUT_RETURN_TYPE = YES_ERROR;
				GCC_WARN_UNDECLARED_SELECTOR = YES;
				GCC_WARN_UNINITIALIZED_AUTOS = YES_AGGRESSIVE;
				GCC_WARN_UNUSED_FUNCTION = YES;
				GCC_WARN_UNUSED_VARIABLE = YES;
				IPHONEOS_DEPLOYMENT_TARGET = 15.2;
				MTL_ENABLE_DEBUG_INFO = NO;
				MTL_FAST_MATH = YES;
				SDKROOT = iphoneos;
				SWIFT_COMPILATION_MODE = wholemodule;
				SWIFT_OPTIMIZATION_LEVEL = "-O";
				VALIDATE_PRODUCT = YES;
			};
			name = Release;
		};
		B111C41F289ECBE100F0D0DD /* Debug */ = {
			isa = XCBuildConfiguration;
			buildSettings = {
				ASSETCATALOG_COMPILER_APPICON_NAME = AppIcon;
				ASSETCATALOG_COMPILER_GLOBAL_ACCENT_COLOR_NAME = AccentColor;
				CODE_SIGN_STYLE = Automatic;
				CURRENT_PROJECT_VERSION = 1;
				DEVELOPMENT_TEAM = N47NT3K6N8;
				GENERATE_INFOPLIST_FILE = YES;
				INFOPLIST_FILE = Asif_Mimi_Rabbi_Video_Treamer/Info.plist;
				INFOPLIST_KEY_CFBundleDisplayName = "Video Editor";
				INFOPLIST_KEY_NSPhotoLibraryUsageDescription = "Select and Trim video";
				INFOPLIST_KEY_UIApplicationSupportsIndirectInputEvents = YES;
				INFOPLIST_KEY_UILaunchStoryboardName = LaunchScreen;
				INFOPLIST_KEY_UIMainStoryboardFile = Main;
				INFOPLIST_KEY_UISupportedInterfaceOrientations_iPad = "UIInterfaceOrientationPortrait UIInterfaceOrientationPortraitUpsideDown UIInterfaceOrientationLandscapeLeft UIInterfaceOrientationLandscapeRight";
				INFOPLIST_KEY_UISupportedInterfaceOrientations_iPhone = "UIInterfaceOrientationPortrait UIInterfaceOrientationLandscapeLeft UIInterfaceOrientationLandscapeRight";
				IPHONEOS_DEPLOYMENT_TARGET = 12.0;
				LD_RUNPATH_SEARCH_PATHS = (
					"$(inherited)",
					"@executable_path/Frameworks",
				);
				MARKETING_VERSION = 1.0;
				PRODUCT_BUNDLE_IDENTIFIER = "com.asif.mimi3.Asif-Mimi-Rabbi-Video-Treamer";
				PRODUCT_NAME = "$(TARGET_NAME)";
				SWIFT_EMIT_LOC_STRINGS = YES;
				SWIFT_VERSION = 5.0;
				TARGETED_DEVICE_FAMILY = 1;
			};
			name = Debug;
		};
		B111C420289ECBE100F0D0DD /* Release */ = {
			isa = XCBuildConfiguration;
			buildSettings = {
				ASSETCATALOG_COMPILER_APPICON_NAME = AppIcon;
				ASSETCATALOG_COMPILER_GLOBAL_ACCENT_COLOR_NAME = AccentColor;
				CODE_SIGN_STYLE = Automatic;
				CURRENT_PROJECT_VERSION = 1;
				DEVELOPMENT_TEAM = N47NT3K6N8;
				GENERATE_INFOPLIST_FILE = YES;
				INFOPLIST_FILE = Asif_Mimi_Rabbi_Video_Treamer/Info.plist;
				INFOPLIST_KEY_CFBundleDisplayName = "Video Editor";
				INFOPLIST_KEY_NSPhotoLibraryUsageDescription = "Select and Trim video";
				INFOPLIST_KEY_UIApplicationSupportsIndirectInputEvents = YES;
				INFOPLIST_KEY_UILaunchStoryboardName = LaunchScreen;
				INFOPLIST_KEY_UIMainStoryboardFile = Main;
				INFOPLIST_KEY_UISupportedInterfaceOrientations_iPad = "UIInterfaceOrientationPortrait UIInterfaceOrientationPortraitUpsideDown UIInterfaceOrientationLandscapeLeft UIInterfaceOrientationLandscapeRight";
				INFOPLIST_KEY_UISupportedInterfaceOrientations_iPhone = "UIInterfaceOrientationPortrait UIInterfaceOrientationLandscapeLeft UIInterfaceOrientationLandscapeRight";
				IPHONEOS_DEPLOYMENT_TARGET = 12.0;
				LD_RUNPATH_SEARCH_PATHS = (
					"$(inherited)",
					"@executable_path/Frameworks",
				);
				MARKETING_VERSION = 1.0;
				PRODUCT_BUNDLE_IDENTIFIER = "com.asif.mimi3.Asif-Mimi-Rabbi-Video-Treamer";
				PRODUCT_NAME = "$(TARGET_NAME)";
				SWIFT_EMIT_LOC_STRINGS = YES;
				SWIFT_VERSION = 5.0;
				TARGETED_DEVICE_FAMILY = 1;
			};
			name = Release;
		};
/* End XCBuildConfiguration section */

/* Begin XCConfigurationList section */
		B111C405289ECBDF00F0D0DD /* Build configuration list for PBXProject "Asif_Mimi_Rabbi_Video_Treamer" */ = {
			isa = XCConfigurationList;
			buildConfigurations = (
				B111C41C289ECBE100F0D0DD /* Debug */,
				B111C41D289ECBE100F0D0DD /* Release */,
			);
			defaultConfigurationIsVisible = 0;
			defaultConfigurationName = Release;
		};
		B111C41E289ECBE100F0D0DD /* Build configuration list for PBXNativeTarget "Asif_Mimi_Rabbi_Video_Treamer" */ = {
			isa = XCConfigurationList;
			buildConfigurations = (
				B111C41F289ECBE100F0D0DD /* Debug */,
				B111C420289ECBE100F0D0DD /* Release */,
			);
			defaultConfigurationIsVisible = 0;
			defaultConfigurationName = Release;
		};
/* End XCConfigurationList section */
	};
	rootObject = B111C402289ECBDF00F0D0DD /* Project object */;
}
